
Microsoft Visual Studio Solution File, Format Version 12.00
# Visual Studio 15
VisualStudioVersion = 15.0.28307.572
MinimumVisualStudioVersion = 10.0.40219.1
Project("{FAE04EC0-301F-11D3-BF4B-00C04F79EFBC}") = "Fractals", "Fractals\Fractals.csproj", "{FD68191D-03CE-44A6-8A68-341FF1A660B8}"
EndProject
Global
	GlobalSection(SolutionConfigurationPlatforms) = preSolution
		Debug|Any CPU = Debug|Any CPU
		Release|Any CPU = Release|Any CPU
	EndGlobalSection
	GlobalSection(ProjectConfigurationPlatforms) = postSolution
		{FD68191D-03CE-44A6-8A68-341FF1A660B8}.Debug|Any CPU.ActiveCfg = Debug|Any CPU
		{FD68191D-03CE-44A6-8A68-341FF1A660B8}.Debug|Any CPU.Build.0 = Debug|Any CPU
		{FD68191D-03CE-44A6-8A68-341FF1A660B8}.Release|Any CPU.ActiveCfg = Release|Any CPU
		{FD68191D-03CE-44A6-8A68-341FF1A660B8}.Release|Any CPU.Build.0 = Release|Any CPU
	EndGlobalSection
	GlobalSection(SolutionProperties) = preSolution
		HideSolutionNode = FALSE
	EndGlobalSection
	GlobalSection(ExtensibilityGlobals) = postSolution
		SolutionGuid = {2E9E437D-380A-48DC-B335-9680515811F5}
	EndGlobalSection
EndGlobal
